
Microsoft Visual Studio Solution File, Format Version 12.00
# Visual Studio Version 17
VisualStudioVersion = 17.13.35825.156 d17.13
MinimumVisualStudioVersion = 10.0.40219.1
Project("{FAE04EC0-301F-11D3-BF4B-00C04F79EFBC}") = "Combinator", "Combinator.csproj", "{F710A65D-C508-48D3-803D-FA6F5BA1B841}"
EndProject
Global
	GlobalSection(SolutionConfigurationPlatforms) = preSolution
		Debug|Any CPU = Debug|Any CPU
		Release|Any CPU = Release|Any CPU
	EndGlobalSection
	GlobalSection(ProjectConfigurationPlatforms) = postSolution
		{F710A65D-C508-48D3-803D-FA6F5BA1B841}.Debug|Any CPU.ActiveCfg = Debug|Any CPU
		{F710A65D-C508-48D3-803D-FA6F5BA1B841}.Debug|Any CPU.Build.0 = Debug|Any CPU
		{F710A65D-C508-48D3-803D-FA6F5BA1B841}.Release|Any CPU.ActiveCfg = Release|Any CPU
		{F710A65D-C508-48D3-803D-FA6F5BA1B841}.Release|Any CPU.Build.0 = Release|Any CPU
	EndGlobalSection
	GlobalSection(SolutionProperties) = preSolution
		HideSolutionNode = FALSE
	EndGlobalSection
	GlobalSection(ExtensibilityGlobals) = postSolution
		SolutionGuid = {F73891E0-749F-455B-BE07-E37EB80C0E1E}
	EndGlobalSection
EndGlobal
